// !$*UTF8*$!
{
	archiveVersion = 1;
	classes = {
	};
	objectVersion = 50;
	objects = {

/* Begin PBXBuildFile section */
		EC690A91229B787C00FD475B /* GWeightedCenterMagnificationFilter.swift in Sources */ = {isa = PBXBuildFile; fileRef = EC690A90229B787C00FD475B /* GWeightedCenterMagnificationFilter.swift */; };
		EC690A93229B905100FD475B /* GSlmmingFilter.swift in Sources */ = {isa = PBXBuildFile; fileRef = EC690A92229B905100FD475B /* GSlmmingFilter.swift */; };
		EC73BD1022BC9F77001284AE /* GDivideFilter.swift in Sources */ = {isa = PBXBuildFile; fileRef = EC73BD0F22BC9F77001284AE /* GDivideFilter.swift */; };
		ECD1D57C229638DE00C30A10 /* GCenterMagnificationFilter.swift in Sources */ = {isa = PBXBuildFile; fileRef = ECD1D57B229638DE00C30A10 /* GCenterMagnificationFilter.swift */; };
		ECEF3662228B8AF6007414A1 /* SimpleTextureProvider.swift in Sources */ = {isa = PBXBuildFile; fileRef = ECEF3661228B8AF6007414A1 /* SimpleTextureProvider.swift */; };
		ECEF3669228B8C06007414A1 /* UIImage-extension.swift in Sources */ = {isa = PBXBuildFile; fileRef = ECEF3666228B8C05007414A1 /* UIImage-extension.swift */; };
		ECEF366A228B8C06007414A1 /* MTLTexture-extension.swift in Sources */ = {isa = PBXBuildFile; fileRef = ECEF3667228B8C05007414A1 /* MTLTexture-extension.swift */; };
		ECEF366B228B8C06007414A1 /* UIImageExtension.swift in Sources */ = {isa = PBXBuildFile; fileRef = ECEF3668228B8C05007414A1 /* UIImageExtension.swift */; };
		ECFE5FF72288F222006AF284 /* AppDelegate.swift in Sources */ = {isa = PBXBuildFile; fileRef = ECFE5FF62288F222006AF284 /* AppDelegate.swift */; };
		ECFE5FFA2288F222006AF284 /* Renderer.swift in Sources */ = {isa = PBXBuildFile; fileRef = ECFE5FF92288F222006AF284 /* Renderer.swift */; };
		ECFE5FFC2288F222006AF284 /* CameraViewController.swift in Sources */ = {isa = PBXBuildFile; fileRef = ECFE5FFB2288F222006AF284 /* CameraViewController.swift */; };
		ECFE5FFE2288F222006AF284 /* Shaders.metal in Sources */ = {isa = PBXBuildFile; fileRef = ECFE5FFD2288F222006AF284 /* Shaders.metal */; };
		ECFE60012288F222006AF284 /* Main.storyboard in Resources */ = {isa = PBXBuildFile; fileRef = ECFE5FFF2288F222006AF284 /* Main.storyboard */; };
		ECFE60032288F224006AF284 /* Assets.xcassets in Resources */ = {isa = PBXBuildFile; fileRef = ECFE60022288F224006AF284 /* Assets.xcassets */; };
		ECFE60062288F224006AF284 /* LaunchScreen.storyboard in Resources */ = {isa = PBXBuildFile; fileRef = ECFE60042288F224006AF284 /* LaunchScreen.storyboard */; };
		ECFE601122890E9F006AF284 /* MetalCameraSession.swift in Sources */ = {isa = PBXBuildFile; fileRef = ECFE600E22890E9E006AF284 /* MetalCameraSession.swift */; };
		ECFE601222890E9F006AF284 /* MetalCameraSessionTypes.swift in Sources */ = {isa = PBXBuildFile; fileRef = ECFE600F22890E9E006AF284 /* MetalCameraSessionTypes.swift */; };
		ECFE601322890E9F006AF284 /* MetalCameraCaptureDevice.swift in Sources */ = {isa = PBXBuildFile; fileRef = ECFE601022890E9E006AF284 /* MetalCameraCaptureDevice.swift */; };
		ECFE6015228926F9006AF284 /* GZLog.swift in Sources */ = {isa = PBXBuildFile; fileRef = ECFE6014228926F8006AF284 /* GZLog.swift */; };
		ECFE60282289424F006AF284 /* GImageFilter.swift in Sources */ = {isa = PBXBuildFile; fileRef = ECFE60172289424F006AF284 /* GImageFilter.swift */; };
		ECFE60292289424F006AF284 /* GColorGBRFilter.swift in Sources */ = {isa = PBXBuildFile; fileRef = ECFE60182289424F006AF284 /* GColorGBRFilter.swift */; };
		ECFE602A2289424F006AF284 /* GSaturationAdjustmentFilter.swift in Sources */ = {isa = PBXBuildFile; fileRef = ECFE60192289424F006AF284 /* GSaturationAdjustmentFilter.swift */; };
		ECFE602B2289424F006AF284 /* GMPSUnaryImageFilter.swift in Sources */ = {isa = PBXBuildFile; fileRef = ECFE601A2289424F006AF284 /* GMPSUnaryImageFilter.swift */; };
		ECFE602C2289424F006AF284 /* GSepiaFilter.swift in Sources */ = {isa = PBXBuildFile; fileRef = ECFE601B2289424F006AF284 /* GSepiaFilter.swift */; };
		ECFE602D2289424F006AF284 /* GContext.swift in Sources */ = {isa = PBXBuildFile; fileRef = ECFE601C2289424F006AF284 /* GContext.swift */; };
		ECFE602E2289424F006AF284 /* GPixellationFilter.swift in Sources */ = {isa = PBXBuildFile; fileRef = ECFE601D2289424F006AF284 /* GPixellationFilter.swift */; };
		ECFE602F2289424F006AF284 /* GRotationFilter.swift in Sources */ = {isa = PBXBuildFile; fileRef = ECFE601E2289424F006AF284 /* GRotationFilter.swift */; };
		ECFE60302289424F006AF284 /* MainBundleTextureProvider.swift in Sources */ = {isa = PBXBuildFile; fileRef = ECFE601F2289424F006AF284 /* MainBundleTextureProvider.swift */; };
		ECFE60312289424F006AF284 /* BnaryImageFilterType.swift in Sources */ = {isa = PBXBuildFile; fileRef = ECFE60202289424F006AF284 /* BnaryImageFilterType.swift */; };
		ECFE60322289424F006AF284 /* GMPSUnaryImageFilterType.swift in Sources */ = {isa = PBXBuildFile; fileRef = ECFE60212289424F006AF284 /* GMPSUnaryImageFilterType.swift */; };
		ECFE60332289424F006AF284 /* BinaryImageFilter.swift in Sources */ = {isa = PBXBuildFile; fileRef = ECFE60222289424F006AF284 /* BinaryImageFilter.swift */; };
		ECFE60342289424F006AF284 /* GLuminanceFilter.swift in Sources */ = {isa = PBXBuildFile; fileRef = ECFE60232289424F006AF284 /* GLuminanceFilter.swift */; };
		ECFE60352289424F006AF284 /* GGaussianBlur2DFilter.swift in Sources */ = {isa = PBXBuildFile; fileRef = ECFE60242289424F006AF284 /* GGaussianBlur2DFilter.swift */; };
		ECFE60362289424F006AF284 /* GTextureProvider.swift in Sources */ = {isa = PBXBuildFile; fileRef = ECFE60252289424F006AF284 /* GTextureProvider.swift */; };
		ECFE60372289424F006AF284 /* GImageFilterType.swift in Sources */ = {isa = PBXBuildFile; fileRef = ECFE60262289424F006AF284 /* GImageFilterType.swift */; };
		ECFE60382289424F006AF284 /* GNormalMapFilter.swift in Sources */ = {isa = PBXBuildFile; fileRef = ECFE60272289424F006AF284 /* GNormalMapFilter.swift */; };
		ECFE603E22894ED2006AF284 /* FilterShaders.metal in Sources */ = {isa = PBXBuildFile; fileRef = ECFE603D22894ED1006AF284 /* FilterShaders.metal */; };
/* End PBXBuildFile section */

/* Begin PBXFileReference section */
		EC690A90229B787C00FD475B /* GWeightedCenterMagnificationFilter.swift */ = {isa = PBXFileReference; fileEncoding = 4; lastKnownFileType = sourcecode.swift; path = GWeightedCenterMagnificationFilter.swift; sourceTree = "<group>"; };
		EC690A92229B905100FD475B /* GSlmmingFilter.swift */ = {isa = PBXFileReference; fileEncoding = 4; lastKnownFileType = sourcecode.swift; path = GSlmmingFilter.swift; sourceTree = "<group>"; };
		EC73BD0F22BC9F77001284AE /* GDivideFilter.swift */ = {isa = PBXFileReference; fileEncoding = 4; lastKnownFileType = sourcecode.swift; path = GDivideFilter.swift; sourceTree = "<group>"; };
		ECD1D57B229638DE00C30A10 /* GCenterMagnificationFilter.swift */ = {isa = PBXFileReference; fileEncoding = 4; lastKnownFileType = sourcecode.swift; path = GCenterMagnificationFilter.swift; sourceTree = "<group>"; };
		ECEF3661228B8AF6007414A1 /* SimpleTextureProvider.swift */ = {isa = PBXFileReference; lastKnownFileType = sourcecode.swift; path = SimpleTextureProvider.swift; sourceTree = "<group>"; };
		ECEF3666228B8C05007414A1 /* UIImage-extension.swift */ = {isa = PBXFileReference; fileEncoding = 4; lastKnownFileType = sourcecode.swift; path = "UIImage-extension.swift"; sourceTree = "<group>"; };
		ECEF3667228B8C05007414A1 /* MTLTexture-extension.swift */ = {isa = PBXFileReference; fileEncoding = 4; lastKnownFileType = sourcecode.swift; path = "MTLTexture-extension.swift"; sourceTree = "<group>"; };
		ECEF3668228B8C05007414A1 /* UIImageExtension.swift */ = {isa = PBXFileReference; fileEncoding = 4; lastKnownFileType = sourcecode.swift; path = UIImageExtension.swift; sourceTree = "<group>"; };
		ECFE5FF32288F222006AF284 /* MetalFilterCamera.app */ = {isa = PBXFileReference; explicitFileType = wrapper.application; includeInIndex = 0; path = MetalFilterCamera.app; sourceTree = BUILT_PRODUCTS_DIR; };
		ECFE5FF62288F222006AF284 /* AppDelegate.swift */ = {isa = PBXFileReference; lastKnownFileType = sourcecode.swift; path = AppDelegate.swift; sourceTree = "<group>"; };
		ECFE5FF82288F222006AF284 /* ShaderTypes.h */ = {isa = PBXFileReference; lastKnownFileType = sourcecode.c.h; path = ShaderTypes.h; sourceTree = "<group>"; };
		ECFE5FF92288F222006AF284 /* Renderer.swift */ = {isa = PBXFileReference; lastKnownFileType = sourcecode.swift; path = Renderer.swift; sourceTree = "<group>"; };
		ECFE5FFB2288F222006AF284 /* CameraViewController.swift */ = {isa = PBXFileReference; lastKnownFileType = sourcecode.swift; path = CameraViewController.swift; sourceTree = "<group>"; };
		ECFE5FFD2288F222006AF284 /* Shaders.metal */ = {isa = PBXFileReference; lastKnownFileType = sourcecode.metal; path = Shaders.metal; sourceTree = "<group>"; };
		ECFE60002288F222006AF284 /* Base */ = {isa = PBXFileReference; lastKnownFileType = file.storyboard; name = Base; path = Base.lproj/Main.storyboard; sourceTree = "<group>"; };
		ECFE60022288F224006AF284 /* Assets.xcassets */ = {isa = PBXFileReference; lastKnownFileType = folder.assetcatalog; path = Assets.xcassets; sourceTree = "<group>"; };
		ECFE60052288F224006AF284 /* Base */ = {isa = PBXFileReference; lastKnownFileType = file.storyboard; name = Base; path = Base.lproj/LaunchScreen.storyboard; sourceTree = "<group>"; };
		ECFE60072288F224006AF284 /* Info.plist */ = {isa = PBXFileReference; lastKnownFileType = text.plist.xml; path = Info.plist; sourceTree = "<group>"; };
		ECFE600E22890E9E006AF284 /* MetalCameraSession.swift */ = {isa = PBXFileReference; fileEncoding = 4; lastKnownFileType = sourcecode.swift; path = MetalCameraSession.swift; sourceTree = "<group>"; };
		ECFE600F22890E9E006AF284 /* MetalCameraSessionTypes.swift */ = {isa = PBXFileReference; fileEncoding = 4; lastKnownFileType = sourcecode.swift; path = MetalCameraSessionTypes.swift; sourceTree = "<group>"; };
		ECFE601022890E9E006AF284 /* MetalCameraCaptureDevice.swift */ = {isa = PBXFileReference; fileEncoding = 4; lastKnownFileType = sourcecode.swift; path = MetalCameraCaptureDevice.swift; sourceTree = "<group>"; };
		ECFE6014228926F8006AF284 /* GZLog.swift */ = {isa = PBXFileReference; fileEncoding = 4; lastKnownFileType = sourcecode.swift; path = GZLog.swift; sourceTree = "<group>"; };
		ECFE60172289424F006AF284 /* GImageFilter.swift */ = {isa = PBXFileReference; fileEncoding = 4; lastKnownFileType = sourcecode.swift; path = GImageFilter.swift; sourceTree = "<group>"; };
		ECFE60182289424F006AF284 /* GColorGBRFilter.swift */ = {isa = PBXFileReference; fileEncoding = 4; lastKnownFileType = sourcecode.swift; path = GColorGBRFilter.swift; sourceTree = "<group>"; };
		ECFE60192289424F006AF284 /* GSaturationAdjustmentFilter.swift */ = {isa = PBXFileReference; fileEncoding = 4; lastKnownFileType = sourcecode.swift; path = GSaturationAdjustmentFilter.swift; sourceTree = "<group>"; };
		ECFE601A2289424F006AF284 /* GMPSUnaryImageFilter.swift */ = {isa = PBXFileReference; fileEncoding = 4; lastKnownFileType = sourcecode.swift; path = GMPSUnaryImageFilter.swift; sourceTree = "<group>"; };
		ECFE601B2289424F006AF284 /* GSepiaFilter.swift */ = {isa = PBXFileReference; fileEncoding = 4; lastKnownFileType = sourcecode.swift; path = GSepiaFilter.swift; sourceTree = "<group>"; };
		ECFE601C2289424F006AF284 /* GContext.swift */ = {isa = PBXFileReference; fileEncoding = 4; lastKnownFileType = sourcecode.swift; path = GContext.swift; sourceTree = "<group>"; };
		ECFE601D2289424F006AF284 /* GPixellationFilter.swift */ = {isa = PBXFileReference; fileEncoding = 4; lastKnownFileType = sourcecode.swift; path = GPixellationFilter.swift; sourceTree = "<group>"; };
		ECFE601E2289424F006AF284 /* GRotationFilter.swift */ = {isa = PBXFileReference; fileEncoding = 4; lastKnownFileType = sourcecode.swift; path = GRotationFilter.swift; sourceTree = "<group>"; };
		ECFE601F2289424F006AF284 /* MainBundleTextureProvider.swift */ = {isa = PBXFileReference; fileEncoding = 4; lastKnownFileType = sourcecode.swift; path = MainBundleTextureProvider.swift; sourceTree = "<group>"; };
		ECFE60202289424F006AF284 /* BnaryImageFilterType.swift */ = {isa = PBXFileReference; fileEncoding = 4; lastKnownFileType = sourcecode.swift; path = BnaryImageFilterType.swift; sourceTree = "<group>"; };
		ECFE60212289424F006AF284 /* GMPSUnaryImageFilterType.swift */ = {isa = PBXFileReference; fileEncoding = 4; lastKnownFileType = sourcecode.swift; path = GMPSUnaryImageFilterType.swift; sourceTree = "<group>"; };
		ECFE60222289424F006AF284 /* BinaryImageFilter.swift */ = {isa = PBXFileReference; fileEncoding = 4; lastKnownFileType = sourcecode.swift; path = BinaryImageFilter.swift; sourceTree = "<group>"; };
		ECFE60232289424F006AF284 /* GLuminanceFilter.swift */ = {isa = PBXFileReference; fileEncoding = 4; lastKnownFileType = sourcecode.swift; path = GLuminanceFilter.swift; sourceTree = "<group>"; };
		ECFE60242289424F006AF284 /* GGaussianBlur2DFilter.swift */ = {isa = PBXFileReference; fileEncoding = 4; lastKnownFileType = sourcecode.swift; path = GGaussianBlur2DFilter.swift; sourceTree = "<group>"; };
		ECFE60252289424F006AF284 /* GTextureProvider.swift */ = {isa = PBXFileReference; fileEncoding = 4; lastKnownFileType = sourcecode.swift; path = GTextureProvider.swift; sourceTree = "<group>"; };
		ECFE60262289424F006AF284 /* GImageFilterType.swift */ = {isa = PBXFileReference; fileEncoding = 4; lastKnownFileType = sourcecode.swift; path = GImageFilterType.swift; sourceTree = "<group>"; };
		ECFE60272289424F006AF284 /* GNormalMapFilter.swift */ = {isa = PBXFileReference; fileEncoding = 4; lastKnownFileType = sourcecode.swift; path = GNormalMapFilter.swift; sourceTree = "<group>"; };
		ECFE603D22894ED1006AF284 /* FilterShaders.metal */ = {isa = PBXFileReference; fileEncoding = 4; lastKnownFileType = sourcecode.metal; path = FilterShaders.metal; sourceTree = "<group>"; };
/* End PBXFileReference section */

/* Begin PBXFrameworksBuildPhase section */
		ECFE5FF02288F222006AF284 /* Frameworks */ = {
			isa = PBXFrameworksBuildPhase;
			buildActionMask = 2147483647;
			files = (
			);
			runOnlyForDeploymentPostprocessing = 0;
		};
/* End PBXFrameworksBuildPhase section */

/* Begin PBXGroup section */
		ECEF3665228B8C05007414A1 /* extension */ = {
			isa = PBXGroup;
			children = (
				ECEF3666228B8C05007414A1 /* UIImage-extension.swift */,
				ECEF3668228B8C05007414A1 /* UIImageExtension.swift */,
				ECEF3667228B8C05007414A1 /* MTLTexture-extension.swift */,
			);
			path = extension;
			sourceTree = "<group>";
		};
		ECFE5FEA2288F222006AF284 = {
			isa = PBXGroup;
			children = (
				ECFE5FF52288F222006AF284 /* MetalFilterCamera */,
				ECFE5FF42288F222006AF284 /* Products */,
			);
			sourceTree = "<group>";
		};
		ECFE5FF42288F222006AF284 /* Products */ = {
			isa = PBXGroup;
			children = (
				ECFE5FF32288F222006AF284 /* MetalFilterCamera.app */,
			);
			name = Products;
			sourceTree = "<group>";
		};
		ECFE5FF52288F222006AF284 /* MetalFilterCamera */ = {
			isa = PBXGroup;
			children = (
				ECEF3665228B8C05007414A1 /* extension */,
				ECFE60162289424F006AF284 /* Filter */,
				ECFE6014228926F8006AF284 /* GZLog.swift */,
				ECFE600D22890E9E006AF284 /* camera */,
				ECFE5FF62288F222006AF284 /* AppDelegate.swift */,
				ECFE5FF82288F222006AF284 /* ShaderTypes.h */,
				ECFE5FF92288F222006AF284 /* Renderer.swift */,
				ECFE5FFB2288F222006AF284 /* CameraViewController.swift */,
				ECFE5FFD2288F222006AF284 /* Shaders.metal */,
				ECFE5FFF2288F222006AF284 /* Main.storyboard */,
				ECFE60022288F224006AF284 /* Assets.xcassets */,
				ECFE60042288F224006AF284 /* LaunchScreen.storyboard */,
				ECFE60072288F224006AF284 /* Info.plist */,
			);
			path = MetalFilterCamera;
			sourceTree = "<group>";
		};
		ECFE600D22890E9E006AF284 /* camera */ = {
			isa = PBXGroup;
			children = (
				ECFE600E22890E9E006AF284 /* MetalCameraSession.swift */,
				ECFE600F22890E9E006AF284 /* MetalCameraSessionTypes.swift */,
				ECFE601022890E9E006AF284 /* MetalCameraCaptureDevice.swift */,
			);
			path = camera;
			sourceTree = "<group>";
		};
		ECFE60162289424F006AF284 /* Filter */ = {
			isa = PBXGroup;
			children = (
				ECFE60262289424F006AF284 /* GImageFilterType.swift */,
				ECFE60212289424F006AF284 /* GMPSUnaryImageFilterType.swift */,
				ECFE60202289424F006AF284 /* BnaryImageFilterType.swift */,
				ECFE601A2289424F006AF284 /* GMPSUnaryImageFilter.swift */,
				ECFE60172289424F006AF284 /* GImageFilter.swift */,
				ECFE60182289424F006AF284 /* GColorGBRFilter.swift */,
				ECFE60192289424F006AF284 /* GSaturationAdjustmentFilter.swift */,
				ECFE601B2289424F006AF284 /* GSepiaFilter.swift */,
				ECFE601C2289424F006AF284 /* GContext.swift */,
				ECFE601D2289424F006AF284 /* GPixellationFilter.swift */,
				ECFE601E2289424F006AF284 /* GRotationFilter.swift */,
				ECD1D57B229638DE00C30A10 /* GCenterMagnificationFilter.swift */,
				EC690A90229B787C00FD475B /* GWeightedCenterMagnificationFilter.swift */,
				EC690A92229B905100FD475B /* GSlmmingFilter.swift */,
				EC73BD0F22BC9F77001284AE /* GDivideFilter.swift */,
				ECFE601F2289424F006AF284 /* MainBundleTextureProvider.swift */,
				ECFE60222289424F006AF284 /* BinaryImageFilter.swift */,
				ECFE60232289424F006AF284 /* GLuminanceFilter.swift */,
				ECFE60242289424F006AF284 /* GGaussianBlur2DFilter.swift */,
				ECFE60252289424F006AF284 /* GTextureProvider.swift */,
				ECFE60272289424F006AF284 /* GNormalMapFilter.swift */,
				ECEF3661228B8AF6007414A1 /* SimpleTextureProvider.swift */,
				ECFE603D22894ED1006AF284 /* FilterShaders.metal */,
			);
			path = Filter;
			sourceTree = "<group>";
		};
/* End PBXGroup section */

/* Begin PBXNativeTarget section */
		ECFE5FF22288F222006AF284 /* MetalFilterCamera */ = {
			isa = PBXNativeTarget;
			buildConfigurationList = ECFE600A2288F224006AF284 /* Build configuration list for PBXNativeTarget "MetalFilterCamera" */;
			buildPhases = (
				ECFE5FEF2288F222006AF284 /* Sources */,
				ECFE5FF02288F222006AF284 /* Frameworks */,
				ECFE5FF12288F222006AF284 /* Resources */,
			);
			buildRules = (
			);
			dependencies = (
			);
			name = MetalFilterCamera;
			productName = MetalFilterCamera;
			productReference = ECFE5FF32288F222006AF284 /* MetalFilterCamera.app */;
			productType = "com.apple.product-type.application";
		};
/* End PBXNativeTarget section */

/* Begin PBXProject section */
		ECFE5FEB2288F222006AF284 /* Project object */ = {
			isa = PBXProject;
			attributes = {
				LastSwiftUpdateCheck = 1020;
				LastUpgradeCheck = 1020;
				ORGANIZATIONNAME = gzonelee;
				TargetAttributes = {
					ECFE5FF22288F222006AF284 = {
						CreatedOnToolsVersion = 10.2.1;
					};
				};
			};
			buildConfigurationList = ECFE5FEE2288F222006AF284 /* Build configuration list for PBXProject "MetalFilterCamera" */;
			compatibilityVersion = "Xcode 9.3";
			developmentRegion = en;
			hasScannedForEncodings = 0;
			knownRegions = (
				en,
				Base,
			);
			mainGroup = ECFE5FEA2288F222006AF284;
			productRefGroup = ECFE5FF42288F222006AF284 /* Products */;
			projectDirPath = "";
			projectRoot = "";
			targets = (
				ECFE5FF22288F222006AF284 /* MetalFilterCamera */,
			);
		};
/* End PBXProject section */

/* Begin PBXResourcesBuildPhase section */
		ECFE5FF12288F222006AF284 /* Resources */ = {
			isa = PBXResourcesBuildPhase;
			buildActionMask = 2147483647;
			files = (
				ECFE60062288F224006AF284 /* LaunchScreen.storyboard in Resources */,
				ECFE60032288F224006AF284 /* Assets.xcassets in Resources */,
				ECFE60012288F222006AF284 /* Main.storyboard in Resources */,
			);
			runOnlyForDeploymentPostprocessing = 0;
		};
/* End PBXResourcesBuildPhase section */

/* Begin PBXSourcesBuildPhase section */
		ECFE5FEF2288F222006AF284 /* Sources */ = {
			isa = PBXSourcesBuildPhase;
			buildActionMask = 2147483647;
			files = (
				ECFE60362289424F006AF284 /* GTextureProvider.swift in Sources */,
				ECFE60282289424F006AF284 /* GImageFilter.swift in Sources */,
				ECFE601122890E9F006AF284 /* MetalCameraSession.swift in Sources */,
				ECFE6015228926F9006AF284 /* GZLog.swift in Sources */,
				ECFE601322890E9F006AF284 /* MetalCameraCaptureDevice.swift in Sources */,
				ECFE60382289424F006AF284 /* GNormalMapFilter.swift in Sources */,
				ECEF3662228B8AF6007414A1 /* SimpleTextureProvider.swift in Sources */,
				ECFE60312289424F006AF284 /* BnaryImageFilterType.swift in Sources */,
				ECEF3669228B8C06007414A1 /* UIImage-extension.swift in Sources */,
				ECFE602B2289424F006AF284 /* GMPSUnaryImageFilter.swift in Sources */,
				ECFE5FFE2288F222006AF284 /* Shaders.metal in Sources */,
				ECFE5FFA2288F222006AF284 /* Renderer.swift in Sources */,
				ECFE602D2289424F006AF284 /* GContext.swift in Sources */,
				ECFE60302289424F006AF284 /* MainBundleTextureProvider.swift in Sources */,
				ECFE602A2289424F006AF284 /* GSaturationAdjustmentFilter.swift in Sources */,
				ECD1D57C229638DE00C30A10 /* GCenterMagnificationFilter.swift in Sources */,
				ECFE601222890E9F006AF284 /* MetalCameraSessionTypes.swift in Sources */,
				ECFE60292289424F006AF284 /* GColorGBRFilter.swift in Sources */,
				ECFE602E2289424F006AF284 /* GPixellationFilter.swift in Sources */,
				ECFE60322289424F006AF284 /* GMPSUnaryImageFilterType.swift in Sources */,
				ECFE5FFC2288F222006AF284 /* CameraViewController.swift in Sources */,
				ECFE60332289424F006AF284 /* BinaryImageFilter.swift in Sources */,
				ECFE60352289424F006AF284 /* GGaussianBlur2DFilter.swift in Sources */,
				ECFE60372289424F006AF284 /* GImageFilterType.swift in Sources */,
				EC690A93229B905100FD475B /* GSlmmingFilter.swift in Sources */,
				ECEF366B228B8C06007414A1 /* UIImageExtension.swift in Sources */,
				EC73BD1022BC9F77001284AE /* GDivideFilter.swift in Sources */,
				ECFE60342289424F006AF284 /* GLuminanceFilter.swift in Sources */,
				ECFE603E22894ED2006AF284 /* FilterShaders.metal in Sources */,
				EC690A91229B787C00FD475B /* GWeightedCenterMagnificationFilter.swift in Sources */,
				ECFE602F2289424F006AF284 /* GRotationFilter.swift in Sources */,
				ECEF366A228B8C06007414A1 /* MTLTexture-extension.swift in Sources */,
				ECFE5FF72288F222006AF284 /* AppDelegate.swift in Sources */,
				ECFE602C2289424F006AF284 /* GSepiaFilter.swift in Sources */,
			);
			runOnlyForDeploymentPostprocessing = 0;
		};
/* End PBXSourcesBuildPhase section */

/* Begin PBXVariantGroup section */
		ECFE5FFF2288F222006AF284 /* Main.storyboard */ = {
			isa = PBXVariantGroup;
			children = (
				ECFE60002288F222006AF284 /* Base */,
			);
			name = Main.storyboard;
			sourceTree = "<group>";
		};
		ECFE60042288F224006AF284 /* LaunchScreen.storyboard */ = {
			isa = PBXVariantGroup;
			children = (
				ECFE60052288F224006AF284 /* Base */,
			);
			name = LaunchScreen.storyboard;
			sourceTree = "<group>";
		};
/* End PBXVariantGroup section */

/* Begin XCBuildConfiguration section */
		ECFE60082288F224006AF284 /* Debug */ = {
			isa = XCBuildConfiguration;
			buildSettings = {
				ALWAYS_SEARCH_USER_PATHS = NO;
				CLANG_ANALYZER_NONNULL = YES;
				CLANG_ANALYZER_NUMBER_OBJECT_CONVERSION = YES_AGGRESSIVE;
				CLANG_CXX_LANGUAGE_STANDARD = "gnu++14";
				CLANG_CXX_LIBRARY = "libc++";
				CLANG_ENABLE_MODULES = YES;
				CLANG_ENABLE_OBJC_ARC = YES;
				CLANG_ENABLE_OBJC_WEAK = YES;
				CLANG_WARN_BLOCK_CAPTURE_AUTORELEASING = YES;
				CLANG_WARN_BOOL_CONVERSION = YES;
				CLANG_WARN_COMMA = YES;
				CLANG_WARN_CONSTANT_CONVERSION = YES;
				CLANG_WARN_DEPRECATED_OBJC_IMPLEMENTATIONS = YES;
				CLANG_WARN_DIRECT_OBJC_ISA_USAGE = YES_ERROR;
				CLANG_WARN_DOCUMENTATION_COMMENTS = YES;
				CLANG_WARN_EMPTY_BODY = YES;
				CLANG_WARN_ENUM_CONVERSION = YES;
				CLANG_WARN_INFINITE_RECURSION = YES;
				CLANG_WARN_INT_CONVERSION = YES;
				CLANG_WARN_NON_LITERAL_NULL_CONVERSION = YES;
				CLANG_WARN_OBJC_IMPLICIT_RETAIN_SELF = YES;
				CLANG_WARN_OBJC_LITERAL_CONVERSION = YES;
				CLANG_WARN_OBJC_ROOT_CLASS = YES_ERROR;
				CLANG_WARN_RANGE_LOOP_ANALYSIS = YES;
				CLANG_WARN_STRICT_PROTOTYPES = YES;
				CLANG_WARN_SUSPICIOUS_MOVE = YES;
				CLANG_WARN_UNGUARDED_AVAILABILITY = YES_AGGRESSIVE;
				CLANG_WARN_UNREACHABLE_CODE = YES;
				CLANG_WARN__DUPLICATE_METHOD_MATCH = YES;
				CODE_SIGN_IDENTITY = "iPhone Developer";
				COPY_PHASE_STRIP = NO;
				DEBUG_INFORMATION_FORMAT = dwarf;
				ENABLE_STRICT_OBJC_MSGSEND = YES;
				ENABLE_TESTABILITY = YES;
				GCC_C_LANGUAGE_STANDARD = gnu11;
				GCC_DYNAMIC_NO_PIC = NO;
				GCC_NO_COMMON_BLOCKS = YES;
				GCC_OPTIMIZATION_LEVEL = 0;
				GCC_PREPROCESSOR_DEFINITIONS = (
					"DEBUG=1",
					"$(inherited)",
				);
				GCC_WARN_64_TO_32_BIT_CONVERSION = YES;
				GCC_WARN_ABOUT_RETURN_TYPE = YES_ERROR;
				GCC_WARN_UNDECLARED_SELECTOR = YES;
				GCC_WARN_UNINITIALIZED_AUTOS = YES_AGGRESSIVE;
				GCC_WARN_UNUSED_FUNCTION = YES;
				GCC_WARN_UNUSED_VARIABLE = YES;
				IPHONEOS_DEPLOYMENT_TARGET = 12.2;
				MTL_ENABLE_DEBUG_INFO = INCLUDE_SOURCE;
				MTL_FAST_MATH = YES;
				ONLY_ACTIVE_ARCH = YES;
				SDKROOT = iphoneos;
				SWIFT_ACTIVE_COMPILATION_CONDITIONS = DEBUG;
				SWIFT_OPTIMIZATION_LEVEL = "-Onone";
			};
			name = Debug;
		};
		ECFE60092288F224006AF284 /* Release */ = {
			isa = XCBuildConfiguration;
			buildSettings = {
				ALWAYS_SEARCH_USER_PATHS = NO;
				CLANG_ANALYZER_NONNULL = YES;
				CLANG_ANALYZER_NUMBER_OBJECT_CONVERSION = YES_AGGRESSIVE;
				CLANG_CXX_LANGUAGE_STANDARD = "gnu++14";
				CLANG_CXX_LIBRARY = "libc++";
				CLANG_ENABLE_MODULES = YES;
				CLANG_ENABLE_OBJC_ARC = YES;
				CLANG_ENABLE_OBJC_WEAK = YES;
				CLANG_WARN_BLOCK_CAPTURE_AUTORELEASING = YES;
				CLANG_WARN_BOOL_CONVERSION = YES;
				CLANG_WARN_COMMA = YES;
				CLANG_WARN_CONSTANT_CONVERSION = YES;
				CLANG_WARN_DEPRECATED_OBJC_IMPLEMENTATIONS = YES;
				CLANG_WARN_DIRECT_OBJC_ISA_USAGE = YES_ERROR;
				CLANG_WARN_DOCUMENTATION_COMMENTS = YES;
				CLANG_WARN_EMPTY_BODY = YES;
				CLANG_WARN_ENUM_CONVERSION = YES;
				CLANG_WARN_INFINITE_RECURSION = YES;
				CLANG_WARN_INT_CONVERSION = YES;
				CLANG_WARN_NON_LITERAL_NULL_CONVERSION = YES;
				CLANG_WARN_OBJC_IMPLICIT_RETAIN_SELF = YES;
				CLANG_WARN_OBJC_LITERAL_CONVERSION = YES;
				CLANG_WARN_OBJC_ROOT_CLASS = YES_ERROR;
				CLANG_WARN_RANGE_LOOP_ANALYSIS = YES;
				CLANG_WARN_STRICT_PROTOTYPES = YES;
				CLANG_WARN_SUSPICIOUS_MOVE = YES;
				CLANG_WARN_UNGUARDED_AVAILABILITY = YES_AGGRESSIVE;
				CLANG_WARN_UNREACHABLE_CODE = YES;
				CLANG_WARN__DUPLICATE_METHOD_MATCH = YES;
				CODE_SIGN_IDENTITY = "iPhone Developer";
				COPY_PHASE_STRIP = NO;
				DEBUG_INFORMATION_FORMAT = "dwarf-with-dsym";
				ENABLE_NS_ASSERTIONS = NO;
				ENABLE_STRICT_OBJC_MSGSEND = YES;
				GCC_C_LANGUAGE_STANDARD = gnu11;
				GCC_NO_COMMON_BLOCKS = YES;
				GCC_WARN_64_TO_32_BIT_CONVERSION = YES;
				GCC_WARN_ABOUT_RETURN_TYPE = YES_ERROR;
				GCC_WARN_UNDECLARED_SELECTOR = YES;
				GCC_WARN_UNINITIALIZED_AUTOS = YES_AGGRESSIVE;
				GCC_WARN_UNUSED_FUNCTION = YES;
				GCC_WARN_UNUSED_VARIABLE = YES;
				IPHONEOS_DEPLOYMENT_TARGET = 12.2;
				MTL_ENABLE_DEBUG_INFO = NO;
				MTL_FAST_MATH = YES;
				SDKROOT = iphoneos;
				SWIFT_COMPILATION_MODE = wholemodule;
				SWIFT_OPTIMIZATION_LEVEL = "-O";
				VALIDATE_PRODUCT = YES;
			};
			name = Release;
		};
		ECFE600B2288F224006AF284 /* Debug */ = {
			isa = XCBuildConfiguration;
			buildSettings = {
				ASSETCATALOG_COMPILER_APPICON_NAME = AppIcon;
				CODE_SIGN_STYLE = Automatic;
				DEVELOPMENT_TEAM = J8647L48BZ;
				INFOPLIST_FILE = MetalFilterCamera/Info.plist;
				LD_RUNPATH_SEARCH_PATHS = (
					"$(inherited)",
					"@executable_path/Frameworks",
				);
				PRODUCT_BUNDLE_IDENTIFIER = g.MetalFilterCamera;
				PRODUCT_NAME = "$(TARGET_NAME)";
				SWIFT_OBJC_BRIDGING_HEADER = MetalFilterCamera/ShaderTypes.h;
				SWIFT_VERSION = 5.0;
				TARGETED_DEVICE_FAMILY = "1,2";
			};
			name = Debug;
		};
		ECFE600C2288F224006AF284 /* Release */ = {
			isa = XCBuildConfiguration;
			buildSettings = {
				ASSETCATALOG_COMPILER_APPICON_NAME = AppIcon;
				CODE_SIGN_STYLE = Automatic;
				DEVELOPMENT_TEAM = J8647L48BZ;
				INFOPLIST_FILE = MetalFilterCamera/Info.plist;
				LD_RUNPATH_SEARCH_PATHS = (
					"$(inherited)",
					"@executable_path/Frameworks",
				);
				PRODUCT_BUNDLE_IDENTIFIER = g.MetalFilterCamera;
				PRODUCT_NAME = "$(TARGET_NAME)";
				SWIFT_OBJC_BRIDGING_HEADER = MetalFilterCamera/ShaderTypes.h;
				SWIFT_VERSION = 5.0;
				TARGETED_DEVICE_FAMILY = "1,2";
			};
			name = Release;
		};
/* End XCBuildConfiguration section */

/* Begin XCConfigurationList section */
		ECFE5FEE2288F222006AF284 /* Build configuration list for PBXProject "MetalFilterCamera" */ = {
			isa = XCConfigurationList;
			buildConfigurations = (
				ECFE60082288F224006AF284 /* Debug */,
				ECFE60092288F224006AF284 /* Release */,
			);
			defaultConfigurationIsVisible = 0;
			defaultConfigurationName = Release;
		};
		ECFE600A2288F224006AF284 /* Build configuration list for PBXNativeTarget "MetalFilterCamera" */ = {
			isa = XCConfigurationList;
			buildConfigurations = (
				ECFE600B2288F224006AF284 /* Debug */,
				ECFE600C2288F224006AF284 /* Release */,
			);
			defaultConfigurationIsVisible = 0;
			defaultConfigurationName = Release;
		};
/* End XCConfigurationList section */
	};
	rootObject = ECFE5FEB2288F222006AF284 /* Project object */;
}
